
Microsoft Visual Studio Solution File, Format Version 12.00
# Visual Studio Version 16
VisualStudioVersion = 16.0.29519.181
MinimumVisualStudioVersion = 10.0.40219.1
Project("{FAE04EC0-301F-11D3-BF4B-00C04F79EFBC}") = "SNKeys", "SNKeys\SNKeys.csproj", "{20B249DD-D58E-4ABB-BDCA-D43D12A8F50D}"
EndProject
Global
	GlobalSection(SolutionConfigurationPlatforms) = preSolution
		Debug|Any CPU = Debug|Any CPU
		Release|Any CPU = Release|Any CPU
	EndGlobalSection
	GlobalSection(ProjectConfigurationPlatforms) = postSolution
		{20B249DD-D58E-4ABB-BDCA-D43D12A8F50D}.Debug|Any CPU.ActiveCfg = Debug|Any CPU
		{20B249DD-D58E-4ABB-BDCA-D43D12A8F50D}.Debug|Any CPU.Build.0 = Debug|Any CPU
		{20B249DD-D58E-4ABB-BDCA-D43D12A8F50D}.Release|Any CPU.ActiveCfg = Release|Any CPU
		{20B249DD-D58E-4ABB-BDCA-D43D12A8F50D}.Release|Any CPU.Build.0 = Release|Any CPU
	EndGlobalSection
	GlobalSection(SolutionProperties) = preSolution
		HideSolutionNode = FALSE
	EndGlobalSection
	GlobalSection(ExtensibilityGlobals) = postSolution
		SolutionGuid = {03406CF0-E136-4649-89AA-8C073CBB6E8A}
	EndGlobalSection
EndGlobal
